
Microsoft Visual Studio Solution File, Format Version 12.00
# Visual Studio 15
VisualStudioVersion = 15.0.28010.2041
MinimumVisualStudioVersion = 10.0.40219.1
Project("{9A19103F-16F7-4668-BE54-9A1E7A4F7556}") = "ConsoleApp1", "ConsoleApp1\ConsoleApp1.csproj", "{F49664E9-4E70-4386-B473-E608022AEDFE}"
EndProject
Project("{2150E333-8FDC-42A3-9474-1A3956D46DE8}") = "Solution Items", "Solution Items", "{8E893180-E80B-4D3D-BF26-7155C97D530B}"
	ProjectSection(SolutionItems) = preProject
		.NET 리소스 관리.pptx = .NET 리소스 관리.pptx
	EndProjectSection
EndProject
Project("{9A19103F-16F7-4668-BE54-9A1E7A4F7556}") = "ConsoleApp2", "ConsoleApp2\ConsoleApp2.csproj", "{F8D6EDB4-BD6E-4852-8C70-EBBFF553EA95}"
EndProject
Project("{FAE04EC0-301F-11D3-BF4B-00C04F79EFBC}") = "ConsoleApp3", "ConsoleApp3\ConsoleApp3.csproj", "{1C8812A2-F0C9-4697-BC5B-4E59D8D15D99}"
EndProject
Project("{FAE04EC0-301F-11D3-BF4B-00C04F79EFBC}") = "ConsoleApp4", "ConsoleApp4\ConsoleApp4.csproj", "{5233BD3F-0656-4267-AD57-B1EEA5675480}"
EndProject
Global
	GlobalSection(SolutionConfigurationPlatforms) = preSolution
		Debug|Any CPU = Debug|Any CPU
		Release|Any CPU = Release|Any CPU
	EndGlobalSection
	GlobalSection(ProjectConfigurationPlatforms) = postSolution
		{F49664E9-4E70-4386-B473-E608022AEDFE}.Debug|Any CPU.ActiveCfg = Debug|Any CPU
		{F49664E9-4E70-4386-B473-E608022AEDFE}.Debug|Any CPU.Build.0 = Debug|Any CPU
		{F49664E9-4E70-4386-B473-E608022AEDFE}.Release|Any CPU.ActiveCfg = Release|Any CPU
		{F49664E9-4E70-4386-B473-E608022AEDFE}.Release|Any CPU.Build.0 = Release|Any CPU
		{F8D6EDB4-BD6E-4852-8C70-EBBFF553EA95}.Debug|Any CPU.ActiveCfg = Debug|Any CPU
		{F8D6EDB4-BD6E-4852-8C70-EBBFF553EA95}.Debug|Any CPU.Build.0 = Debug|Any CPU
		{F8D6EDB4-BD6E-4852-8C70-EBBFF553EA95}.Release|Any CPU.ActiveCfg = Release|Any CPU
		{F8D6EDB4-BD6E-4852-8C70-EBBFF553EA95}.Release|Any CPU.Build.0 = Release|Any CPU
		{1C8812A2-F0C9-4697-BC5B-4E59D8D15D99}.Debug|Any CPU.ActiveCfg = Debug|Any CPU
		{1C8812A2-F0C9-4697-BC5B-4E59D8D15D99}.Debug|Any CPU.Build.0 = Debug|Any CPU
		{1C8812A2-F0C9-4697-BC5B-4E59D8D15D99}.Release|Any CPU.ActiveCfg = Release|Any CPU
		{1C8812A2-F0C9-4697-BC5B-4E59D8D15D99}.Release|Any CPU.Build.0 = Release|Any CPU
		{5233BD3F-0656-4267-AD57-B1EEA5675480}.Debug|Any CPU.ActiveCfg = Debug|Any CPU
		{5233BD3F-0656-4267-AD57-B1EEA5675480}.Debug|Any CPU.Build.0 = Debug|Any CPU
		{5233BD3F-0656-4267-AD57-B1EEA5675480}.Release|Any CPU.ActiveCfg = Release|Any CPU
		{5233BD3F-0656-4267-AD57-B1EEA5675480}.Release|Any CPU.Build.0 = Release|Any CPU
	EndGlobalSection
	GlobalSection(SolutionProperties) = preSolution
		HideSolutionNode = FALSE
	EndGlobalSection
	GlobalSection(ExtensibilityGlobals) = postSolution
		SolutionGuid = {695C9FFD-53C9-48ED-93AB-D56AC02E2C3B}
	EndGlobalSection
EndGlobal
